// !$*UTF8*$!
{
	archiveVersion = 1;
	classes = {
	};
	objectVersion = 46;
	objects = {

/* Begin PBXBuildFile section */
		0C7467081CA4DFCE0082BACE /* main.m in Sources */ = {isa = PBXBuildFile; fileRef = 0C7467071CA4DFCE0082BACE /* main.m */; };
		0C74670B1CA4DFCE0082BACE /* AppDelegate.m in Sources */ = {isa = PBXBuildFile; fileRef = 0C74670A1CA4DFCE0082BACE /* AppDelegate.m */; };
		0C74670E1CA4DFCE0082BACE /* ViewController.m in Sources */ = {isa = PBXBuildFile; fileRef = 0C74670D1CA4DFCE0082BACE /* ViewController.m */; };
		0C7467111CA4DFCE0082BACE /* Main.storyboard in Resources */ = {isa = PBXBuildFile; fileRef = 0C74670F1CA4DFCE0082BACE /* Main.storyboard */; };
		0C7467131CA4DFCE0082BACE /* Assets.xcassets in Resources */ = {isa = PBXBuildFile; fileRef = 0C7467121CA4DFCE0082BACE /* Assets.xcassets */; };
		0C7467161CA4DFCE0082BACE /* LaunchScreen.storyboard in Resources */ = {isa = PBXBuildFile; fileRef = 0C7467141CA4DFCE0082BACE /* LaunchScreen.storyboard */; };
		0C7467211CA4E05E0082BACE /* MBDatePicker.m in Sources */ = {isa = PBXBuildFile; fileRef = 0C74671F1CA4E05E0082BACE /* MBDatePicker.m */; };
		0C7467221CA4E05E0082BACE /* MBDatePicker.xib in Resources */ = {isa = PBXBuildFile; fileRef = 0C7467201CA4E05E0082BACE /* MBDatePicker.xib */; };
/* End PBXBuildFile section */

/* Begin PBXFileReference section */
		0C7467031CA4DFCE0082BACE /* DatePicker.app */ = {isa = PBXFileReference; explicitFileType = wrapper.application; includeInIndex = 0; path = DatePicker.app; sourceTree = BUILT_PRODUCTS_DIR; };
		0C7467071CA4DFCE0082BACE /* main.m */ = {isa = PBXFileReference; lastKnownFileType = sourcecode.c.objc; path = main.m; sourceTree = "<group>"; };
		0C7467091CA4DFCE0082BACE /* AppDelegate.h */ = {isa = PBXFileReference; lastKnownFileType = sourcecode.c.h; path = AppDelegate.h; sourceTree = "<group>"; };
		0C74670A1CA4DFCE0082BACE /* AppDelegate.m */ = {isa = PBXFileReference; lastKnownFileType = sourcecode.c.objc; path = AppDelegate.m; sourceTree = "<group>"; };
		0C74670C1CA4DFCE0082BACE /* ViewController.h */ = {isa = PBXFileReference; lastKnownFileType = sourcecode.c.h; path = ViewController.h; sourceTree = "<group>"; };
		0C74670D1CA4DFCE0082BACE /* ViewController.m */ = {isa = PBXFileReference; lastKnownFileType = sourcecode.c.objc; path = ViewController.m; sourceTree = "<group>"; };
		0C7467101CA4DFCE0082BACE /* Base */ = {isa = PBXFileReference; lastKnownFileType = file.storyboard; name = Base; path = Base.lproj/Main.storyboard; sourceTree = "<group>"; };
		0C7467121CA4DFCE0082BACE /* Assets.xcassets */ = {isa = PBXFileReference; lastKnownFileType = folder.assetcatalog; path = Assets.xcassets; sourceTree = "<group>"; };
		0C7467151CA4DFCE0082BACE /* Base */ = {isa = PBXFileReference; lastKnownFileType = file.storyboard; name = Base; path = Base.lproj/LaunchScreen.storyboard; sourceTree = "<group>"; };
		0C7467171CA4DFCE0082BACE /* Info.plist */ = {isa = PBXFileReference; lastKnownFileType = text.plist.xml; path = Info.plist; sourceTree = "<group>"; };
		0C74671E1CA4E05E0082BACE /* MBDatePicker.h */ = {isa = PBXFileReference; fileEncoding = 4; lastKnownFileType = sourcecode.c.h; path = MBDatePicker.h; sourceTree = "<group>"; };
		0C74671F1CA4E05E0082BACE /* MBDatePicker.m */ = {isa = PBXFileReference; fileEncoding = 4; lastKnownFileType = sourcecode.c.objc; path = MBDatePicker.m; sourceTree = "<group>"; };
		0C7467201CA4E05E0082BACE /* MBDatePicker.xib */ = {isa = PBXFileReference; fileEncoding = 4; lastKnownFileType = file.xib; path = MBDatePicker.xib; sourceTree = "<group>"; };
/* End PBXFileReference section */

/* Begin PBXFrameworksBuildPhase section */
		0C7467001CA4DFCE0082BACE /* Frameworks */ = {
			isa = PBXFrameworksBuildPhase;
			buildActionMask = 2147483647;
			files = (
			);
			runOnlyForDeploymentPostprocessing = 0;
		};
/* End PBXFrameworksBuildPhase section */

/* Begin PBXGroup section */
		0C7466FA1CA4DFCE0082BACE = {
			isa = PBXGroup;
			children = (
				0C7467051CA4DFCE0082BACE /* DatePicker */,
				0C7467041CA4DFCE0082BACE /* Products */,
			);
			sourceTree = "<group>";
		};
		0C7467041CA4DFCE0082BACE /* Products */ = {
			isa = PBXGroup;
			children = (
				0C7467031CA4DFCE0082BACE /* DatePicker.app */,
			);
			name = Products;
			sourceTree = "<group>";
		};
		0C7467051CA4DFCE0082BACE /* DatePicker */ = {
			isa = PBXGroup;
			children = (
				0C74671D1CA4E05E0082BACE /* MBDatePicker */,
				0C7467091CA4DFCE0082BACE /* AppDelegate.h */,
				0C74670A1CA4DFCE0082BACE /* AppDelegate.m */,
				0C74670C1CA4DFCE0082BACE /* ViewController.h */,
				0C74670D1CA4DFCE0082BACE /* ViewController.m */,
				0C74670F1CA4DFCE0082BACE /* Main.storyboard */,
				0C7467121CA4DFCE0082BACE /* Assets.xcassets */,
				0C7467141CA4DFCE0082BACE /* LaunchScreen.storyboard */,
				0C7467171CA4DFCE0082BACE /* Info.plist */,
				0C7467061CA4DFCE0082BACE /* Supporting Files */,
			);
			path = DatePicker;
			sourceTree = "<group>";
		};
		0C7467061CA4DFCE0082BACE /* Supporting Files */ = {
			isa = PBXGroup;
			children = (
				0C7467071CA4DFCE0082BACE /* main.m */,
			);
			name = "Supporting Files";
			sourceTree = "<group>";
		};
		0C74671D1CA4E05E0082BACE /* MBDatePicker */ = {
			isa = PBXGroup;
			children = (
				0C74671E1CA4E05E0082BACE /* MBDatePicker.h */,
				0C74671F1CA4E05E0082BACE /* MBDatePicker.m */,
				0C7467201CA4E05E0082BACE /* MBDatePicker.xib */,
			);
			path = MBDatePicker;
			sourceTree = "<group>";
		};
/* End PBXGroup section */

/* Begin PBXNativeTarget section */
		0C7467021CA4DFCE0082BACE /* DatePicker */ = {
			isa = PBXNativeTarget;
			buildConfigurationList = 0C74671A1CA4DFCE0082BACE /* Build configuration list for PBXNativeTarget "DatePicker" */;
			buildPhases = (
				0C7466FF1CA4DFCE0082BACE /* Sources */,
				0C7467001CA4DFCE0082BACE /* Frameworks */,
				0C7467011CA4DFCE0082BACE /* Resources */,
			);
			buildRules = (
			);
			dependencies = (
			);
			name = DatePicker;
			productName = DatePicker;
			productReference = 0C7467031CA4DFCE0082BACE /* DatePicker.app */;
			productType = "com.apple.product-type.application";
		};
/* End PBXNativeTarget section */

/* Begin PBXProject section */
		0C7466FB1CA4DFCE0082BACE /* Project object */ = {
			isa = PBXProject;
			attributes = {
				LastUpgradeCheck = 0720;
				ORGANIZATIONNAME = North;
				TargetAttributes = {
					0C7467021CA4DFCE0082BACE = {
						CreatedOnToolsVersion = 7.2;
					};
				};
			};
			buildConfigurationList = 0C7466FE1CA4DFCE0082BACE /* Build configuration list for PBXProject "DatePicker" */;
			compatibilityVersion = "Xcode 3.2";
			developmentRegion = English;
			hasScannedForEncodings = 0;
			knownRegions = (
				en,
				Base,
			);
			mainGroup = 0C7466FA1CA4DFCE0082BACE;
			productRefGroup = 0C7467041CA4DFCE0082BACE /* Products */;
			projectDirPath = "";
			projectRoot = "";
			targets = (
				0C7467021CA4DFCE0082BACE /* DatePicker */,
			);
		};
/* End PBXProject section */

/* Begin PBXResourcesBuildPhase section */
		0C7467011CA4DFCE0082BACE /* Resources */ = {
			isa = PBXResourcesBuildPhase;
			buildActionMask = 2147483647;
			files = (
				0C7467221CA4E05E0082BACE /* MBDatePicker.xib in Resources */,
				0C7467161CA4DFCE0082BACE /* LaunchScreen.storyboard in Resources */,
				0C7467131CA4DFCE0082BACE /* Assets.xcassets in Resources */,
				0C7467111CA4DFCE0082BACE /* Main.storyboard in Resources */,
			);
			runOnlyForDeploymentPostprocessing = 0;
		};
/* End PBXResourcesBuildPhase section */

/* Begin PBXSourcesBuildPhase section */
		0C7466FF1CA4DFCE0082BACE /* Sources */ = {
			isa = PBXSourcesBuildPhase;
			buildActionMask = 2147483647;
			files = (
				0C7467211CA4E05E0082BACE /* MBDatePicker.m in Sources */,
				0C74670E1CA4DFCE0082BACE /* ViewController.m in Sources */,
				0C74670B1CA4DFCE0082BACE /* AppDelegate.m in Sources */,
				0C7467081CA4DFCE0082BACE /* main.m in Sources */,
			);
			runOnlyForDeploymentPostprocessing = 0;
		};
/* End PBXSourcesBuildPhase section */

/* Begin PBXVariantGroup section */
		0C74670F1CA4DFCE0082BACE /* Main.storyboard */ = {
			isa = PBXVariantGroup;
			children = (
				0C7467101CA4DFCE0082BACE /* Base */,
			);
			name = Main.storyboard;
			sourceTree = "<group>";
		};
		0C7467141CA4DFCE0082BACE /* LaunchScreen.storyboard */ = {
			isa = PBXVariantGroup;
			children = (
				0C7467151CA4DFCE0082BACE /* Base */,
			);
			name = LaunchScreen.storyboard;
			sourceTree = "<group>";
		};
/* End PBXVariantGroup section */

/* Begin XCBuildConfiguration section */
		0C7467181CA4DFCE0082BACE /* Debug */ = {
			isa = XCBuildConfiguration;
			buildSettings = {
				ALWAYS_SEARCH_USER_PATHS = NO;
				CLANG_CXX_LANGUAGE_STANDARD = "gnu++0x";
				CLANG_CXX_LIBRARY = "libc++";
				CLANG_ENABLE_MODULES = YES;
				CLANG_ENABLE_OBJC_ARC = YES;
				CLANG_WARN_BOOL_CONVERSION = YES;
				CLANG_WARN_CONSTANT_CONVERSION = YES;
				CLANG_WARN_DIRECT_OBJC_ISA_USAGE = YES_ERROR;
				CLANG_WARN_EMPTY_BODY = YES;
				CLANG_WARN_ENUM_CONVERSION = YES;
				CLANG_WARN_INT_CONVERSION = YES;
				CLANG_WARN_OBJC_ROOT_CLASS = YES_ERROR;
				CLANG_WARN_UNREACHABLE_CODE = YES;
				CLANG_WARN__DUPLICATE_METHOD_MATCH = YES;
				"CODE_SIGN_IDENTITY[sdk=iphoneos*]" = "iPhone Developer";
				COPY_PHASE_STRIP = NO;
				DEBUG_INFORMATION_FORMAT = dwarf;
				ENABLE_STRICT_OBJC_MSGSEND = YES;
				ENABLE_TESTABILITY = YES;
				GCC_C_LANGUAGE_STANDARD = gnu99;
				GCC_DYNAMIC_NO_PIC = NO;
				GCC_NO_COMMON_BLOCKS = YES;
				GCC_OPTIMIZATION_LEVEL = 0;
				GCC_PREPROCESSOR_DEFINITIONS = (
					"DEBUG=1",
					"$(inherited)",
				);
				GCC_WARN_64_TO_32_BIT_CONVERSION = YES;
				GCC_WARN_ABOUT_RETURN_TYPE = YES_ERROR;
				GCC_WARN_UNDECLARED_SELECTOR = YES;
				GCC_WARN_UNINITIALIZED_AUTOS = YES_AGGRESSIVE;
				GCC_WARN_UNUSED_FUNCTION = YES;
				GCC_WARN_UNUSED_VARIABLE = YES;
				IPHONEOS_DEPLOYMENT_TARGET = 9.2;
				MTL_ENABLE_DEBUG_INFO = YES;
				ONLY_ACTIVE_ARCH = YES;
				SDKROOT = iphoneos;
			};
			name = Debug;
		};
		0C7467191CA4DFCE0082BACE /* Release */ = {
			isa = XCBuildConfiguration;
			buildSettings = {
				ALWAYS_SEARCH_USER_PATHS = NO;
				CLANG_CXX_LANGUAGE_STANDARD = "gnu++0x";
				CLANG_CXX_LIBRARY = "libc++";
				CLANG_ENABLE_MODULES = YES;
				CLANG_ENABLE_OBJC_ARC = YES;
				CLANG_WARN_BOOL_CONVERSION = YES;
				CLANG_WARN_CONSTANT_CONVERSION = YES;
				CLANG_WARN_DIRECT_OBJC_ISA_USAGE = YES_ERROR;
				CLANG_WARN_EMPTY_BODY = YES;
				CLANG_WARN_ENUM_CONVERSION = YES;
				CLANG_WARN_INT_CONVERSION = YES;
				CLANG_WARN_OBJC_ROOT_CLASS = YES_ERROR;
				CLANG_WARN_UNREACHABLE_CODE = YES;
				CLANG_WARN__DUPLICATE_METHOD_MATCH = YES;
				"CODE_SIGN_IDENTITY[sdk=iphoneos*]" = "iPhone Developer";
				COPY_PHASE_STRIP = NO;
				DEBUG_INFORMATION_FORMAT = "dwarf-with-dsym";
				ENABLE_NS_ASSERTIONS = NO;
				ENABLE_STRICT_OBJC_MSGSEND = YES;
				GCC_C_LANGUAGE_STANDARD = gnu99;
				GCC_NO_COMMON_BLOCKS = YES;
				GCC_WARN_64_TO_32_BIT_CONVERSION = YES;
				GCC_WARN_ABOUT_RETURN_TYPE = YES_ERROR;
				GCC_WARN_UNDECLARED_SELECTOR = YES;
				GCC_WARN_UNINITIALIZED_AUTOS = YES_AGGRESSIVE;
				GCC_WARN_UNUSED_FUNCTION = YES;
				GCC_WARN_UNUSED_VARIABLE = YES;
				IPHONEOS_DEPLOYMENT_TARGET = 9.2;
				MTL_ENABLE_DEBUG_INFO = NO;
				SDKROOT = iphoneos;
				VALIDATE_PRODUCT = YES;
			};
			name = Release;
		};
		0C74671B1CA4DFCE0082BACE /* Debug */ = {
			isa = XCBuildConfiguration;
			buildSettings = {
				ASSETCATALOG_COMPILER_APPICON_NAME = AppIcon;
				INFOPLIST_FILE = DatePicker/Info.plist;
				LD_RUNPATH_SEARCH_PATHS = "$(inherited) @executable_path/Frameworks";
				PRODUCT_BUNDLE_IDENTIFIER = "Magic-Beans.DatePicker";
				PRODUCT_NAME = "$(TARGET_NAME)";
			};
			name = Debug;
		};
		0C74671C1CA4DFCE0082BACE /* Release */ = {
			isa = XCBuildConfiguration;
			buildSettings = {
				ASSETCATALOG_COMPILER_APPICON_NAME = AppIcon;
				INFOPLIST_FILE = DatePicker/Info.plist;
				LD_RUNPATH_SEARCH_PATHS = "$(inherited) @executable_path/Frameworks";
				PRODUCT_BUNDLE_IDENTIFIER = "Magic-Beans.DatePicker";
				PRODUCT_NAME = "$(TARGET_NAME)";
			};
			name = Release;
		};
/* End XCBuildConfiguration section */

/* Begin XCConfigurationList section */
		0C7466FE1CA4DFCE0082BACE /* Build configuration list for PBXProject "DatePicker" */ = {
			isa = XCConfigurationList;
			buildConfigurations = (
				0C7467181CA4DFCE0082BACE /* Debug */,
				0C7467191CA4DFCE0082BACE /* Release */,
			);
			defaultConfigurationIsVisible = 0;
			defaultConfigurationName = Release;
		};
		0C74671A1CA4DFCE0082BACE /* Build configuration list for PBXNativeTarget "DatePicker" */ = {
			isa = XCConfigurationList;
			buildConfigurations = (
				0C74671B1CA4DFCE0082BACE /* Debug */,
				0C74671C1CA4DFCE0082BACE /* Release */,
			);
			defaultConfigurationIsVisible = 0;
		};
/* End XCConfigurationList section */
	};
	rootObject = 0C7466FB1CA4DFCE0082BACE /* Project object */;
}
