// !$*UTF8*$!
{
	archiveVersion = 1;
	classes = {
	};
	objectVersion = 46;
	objects = {

/* Begin PBXBuildFile section */
		3BF0AE281C8C1E6D0020B3D4 /* main.m in Sources */ = {isa = PBXBuildFile; fileRef = 3BF0AE271C8C1E6D0020B3D4 /* main.m */; };
		3BF0AE2B1C8C1E6D0020B3D4 /* AppDelegate.m in Sources */ = {isa = PBXBuildFile; fileRef = 3BF0AE2A1C8C1E6D0020B3D4 /* AppDelegate.m */; };
		3BF0AE2E1C8C1E6D0020B3D4 /* ViewController.m in Sources */ = {isa = PBXBuildFile; fileRef = 3BF0AE2D1C8C1E6D0020B3D4 /* ViewController.m */; };
		3BF0AE311C8C1E6D0020B3D4 /* Main.storyboard in Resources */ = {isa = PBXBuildFile; fileRef = 3BF0AE2F1C8C1E6D0020B3D4 /* Main.storyboard */; };
		3BF0AE331C8C1E6D0020B3D4 /* Assets.xcassets in Resources */ = {isa = PBXBuildFile; fileRef = 3BF0AE321C8C1E6D0020B3D4 /* Assets.xcassets */; };
		3BF0AE361C8C1E6D0020B3D4 /* LaunchScreen.storyboard in Resources */ = {isa = PBXBuildFile; fileRef = 3BF0AE341C8C1E6D0020B3D4 /* LaunchScreen.storyboard */; };
		3BF0AE401C8C1E7D0020B3D4 /* UINavigationBar+NavigationBarBackground.m in Sources */ = {isa = PBXBuildFile; fileRef = 3BF0AE3F1C8C1E7D0020B3D4 /* UINavigationBar+NavigationBarBackground.m */; };
/* End PBXBuildFile section */

/* Begin PBXFileReference section */
		3BF0AE231C8C1E6D0020B3D4 /* NavigationBarResetBackgroundDemo.app */ = {isa = PBXFileReference; explicitFileType = wrapper.application; includeInIndex = 0; path = NavigationBarResetBackgroundDemo.app; sourceTree = BUILT_PRODUCTS_DIR; };
		3BF0AE271C8C1E6D0020B3D4 /* main.m */ = {isa = PBXFileReference; lastKnownFileType = sourcecode.c.objc; path = main.m; sourceTree = "<group>"; };
		3BF0AE291C8C1E6D0020B3D4 /* AppDelegate.h */ = {isa = PBXFileReference; lastKnownFileType = sourcecode.c.h; path = AppDelegate.h; sourceTree = "<group>"; };
		3BF0AE2A1C8C1E6D0020B3D4 /* AppDelegate.m */ = {isa = PBXFileReference; lastKnownFileType = sourcecode.c.objc; path = AppDelegate.m; sourceTree = "<group>"; };
		3BF0AE2C1C8C1E6D0020B3D4 /* ViewController.h */ = {isa = PBXFileReference; lastKnownFileType = sourcecode.c.h; path = ViewController.h; sourceTree = "<group>"; };
		3BF0AE2D1C8C1E6D0020B3D4 /* ViewController.m */ = {isa = PBXFileReference; lastKnownFileType = sourcecode.c.objc; path = ViewController.m; sourceTree = "<group>"; };
		3BF0AE301C8C1E6D0020B3D4 /* Base */ = {isa = PBXFileReference; lastKnownFileType = file.storyboard; name = Base; path = Base.lproj/Main.storyboard; sourceTree = "<group>"; };
		3BF0AE321C8C1E6D0020B3D4 /* Assets.xcassets */ = {isa = PBXFileReference; lastKnownFileType = folder.assetcatalog; path = Assets.xcassets; sourceTree = "<group>"; };
		3BF0AE351C8C1E6D0020B3D4 /* Base */ = {isa = PBXFileReference; lastKnownFileType = file.storyboard; name = Base; path = Base.lproj/LaunchScreen.storyboard; sourceTree = "<group>"; };
		3BF0AE371C8C1E6D0020B3D4 /* Info.plist */ = {isa = PBXFileReference; lastKnownFileType = text.plist.xml; path = Info.plist; sourceTree = "<group>"; };
		3BF0AE3E1C8C1E7D0020B3D4 /* UINavigationBar+NavigationBarBackground.h */ = {isa = PBXFileReference; fileEncoding = 4; lastKnownFileType = sourcecode.c.h; path = "UINavigationBar+NavigationBarBackground.h"; sourceTree = "<group>"; };
		3BF0AE3F1C8C1E7D0020B3D4 /* UINavigationBar+NavigationBarBackground.m */ = {isa = PBXFileReference; fileEncoding = 4; lastKnownFileType = sourcecode.c.objc; path = "UINavigationBar+NavigationBarBackground.m"; sourceTree = "<group>"; };
/* End PBXFileReference section */

/* Begin PBXFrameworksBuildPhase section */
		3BF0AE201C8C1E6D0020B3D4 /* Frameworks */ = {
			isa = PBXFrameworksBuildPhase;
			buildActionMask = 2147483647;
			files = (
			);
			runOnlyForDeploymentPostprocessing = 0;
		};
/* End PBXFrameworksBuildPhase section */

/* Begin PBXGroup section */
		3BF0AE1A1C8C1E6D0020B3D4 = {
			isa = PBXGroup;
			children = (
				3BF0AE251C8C1E6D0020B3D4 /* NavigationBarResetBackgroundDemo */,
				3BF0AE241C8C1E6D0020B3D4 /* Products */,
			);
			sourceTree = "<group>";
		};
		3BF0AE241C8C1E6D0020B3D4 /* Products */ = {
			isa = PBXGroup;
			children = (
				3BF0AE231C8C1E6D0020B3D4 /* NavigationBarResetBackgroundDemo.app */,
			);
			name = Products;
			sourceTree = "<group>";
		};
		3BF0AE251C8C1E6D0020B3D4 /* NavigationBarResetBackgroundDemo */ = {
			isa = PBXGroup;
			children = (
				3BF0AE3D1C8C1E7D0020B3D4 /* UINavigationBar+NavigationBarBackground */,
				3BF0AE291C8C1E6D0020B3D4 /* AppDelegate.h */,
				3BF0AE2A1C8C1E6D0020B3D4 /* AppDelegate.m */,
				3BF0AE2C1C8C1E6D0020B3D4 /* ViewController.h */,
				3BF0AE2D1C8C1E6D0020B3D4 /* ViewController.m */,
				3BF0AE2F1C8C1E6D0020B3D4 /* Main.storyboard */,
				3BF0AE321C8C1E6D0020B3D4 /* Assets.xcassets */,
				3BF0AE341C8C1E6D0020B3D4 /* LaunchScreen.storyboard */,
				3BF0AE371C8C1E6D0020B3D4 /* Info.plist */,
				3BF0AE261C8C1E6D0020B3D4 /* Supporting Files */,
			);
			path = NavigationBarResetBackgroundDemo;
			sourceTree = "<group>";
		};
		3BF0AE261C8C1E6D0020B3D4 /* Supporting Files */ = {
			isa = PBXGroup;
			children = (
				3BF0AE271C8C1E6D0020B3D4 /* main.m */,
			);
			name = "Supporting Files";
			sourceTree = "<group>";
		};
		3BF0AE3D1C8C1E7D0020B3D4 /* UINavigationBar+NavigationBarBackground */ = {
			isa = PBXGroup;
			children = (
				3BF0AE3E1C8C1E7D0020B3D4 /* UINavigationBar+NavigationBarBackground.h */,
				3BF0AE3F1C8C1E7D0020B3D4 /* UINavigationBar+NavigationBarBackground.m */,
			);
			path = "UINavigationBar+NavigationBarBackground";
			sourceTree = "<group>";
		};
/* End PBXGroup section */

/* Begin PBXNativeTarget section */
		3BF0AE221C8C1E6D0020B3D4 /* NavigationBarResetBackgroundDemo */ = {
			isa = PBXNativeTarget;
			buildConfigurationList = 3BF0AE3A1C8C1E6D0020B3D4 /* Build configuration list for PBXNativeTarget "NavigationBarResetBackgroundDemo" */;
			buildPhases = (
				3BF0AE1F1C8C1E6D0020B3D4 /* Sources */,
				3BF0AE201C8C1E6D0020B3D4 /* Frameworks */,
				3BF0AE211C8C1E6D0020B3D4 /* Resources */,
			);
			buildRules = (
			);
			dependencies = (
			);
			name = NavigationBarResetBackgroundDemo;
			productName = NavigationBarResetBackgroundDemo;
			productReference = 3BF0AE231C8C1E6D0020B3D4 /* NavigationBarResetBackgroundDemo.app */;
			productType = "com.apple.product-type.application";
		};
/* End PBXNativeTarget section */

/* Begin PBXProject section */
		3BF0AE1B1C8C1E6D0020B3D4 /* Project object */ = {
			isa = PBXProject;
			attributes = {
				LastUpgradeCheck = 0720;
				ORGANIZATIONNAME = HEYANG;
				TargetAttributes = {
					3BF0AE221C8C1E6D0020B3D4 = {
						CreatedOnToolsVersion = 7.2.1;
						DevelopmentTeam = D96KWVMP74;
					};
				};
			};
			buildConfigurationList = 3BF0AE1E1C8C1E6D0020B3D4 /* Build configuration list for PBXProject "NavigationBarResetBackgroundDemo" */;
			compatibilityVersion = "Xcode 3.2";
			developmentRegion = English;
			hasScannedForEncodings = 0;
			knownRegions = (
				en,
				Base,
			);
			mainGroup = 3BF0AE1A1C8C1E6D0020B3D4;
			productRefGroup = 3BF0AE241C8C1E6D0020B3D4 /* Products */;
			projectDirPath = "";
			projectRoot = "";
			targets = (
				3BF0AE221C8C1E6D0020B3D4 /* NavigationBarResetBackgroundDemo */,
			);
		};
/* End PBXProject section */

/* Begin PBXResourcesBuildPhase section */
		3BF0AE211C8C1E6D0020B3D4 /* Resources */ = {
			isa = PBXResourcesBuildPhase;
			buildActionMask = 2147483647;
			files = (
				3BF0AE361C8C1E6D0020B3D4 /* LaunchScreen.storyboard in Resources */,
				3BF0AE331C8C1E6D0020B3D4 /* Assets.xcassets in Resources */,
				3BF0AE311C8C1E6D0020B3D4 /* Main.storyboard in Resources */,
			);
			runOnlyForDeploymentPostprocessing = 0;
		};
/* End PBXResourcesBuildPhase section */

/* Begin PBXSourcesBuildPhase section */
		3BF0AE1F1C8C1E6D0020B3D4 /* Sources */ = {
			isa = PBXSourcesBuildPhase;
			buildActionMask = 2147483647;
			files = (
				3BF0AE2E1C8C1E6D0020B3D4 /* ViewController.m in Sources */,
				3BF0AE2B1C8C1E6D0020B3D4 /* AppDelegate.m in Sources */,
				3BF0AE281C8C1E6D0020B3D4 /* main.m in Sources */,
				3BF0AE401C8C1E7D0020B3D4 /* UINavigationBar+NavigationBarBackground.m in Sources */,
			);
			runOnlyForDeploymentPostprocessing = 0;
		};
/* End PBXSourcesBuildPhase section */

/* Begin PBXVariantGroup section */
		3BF0AE2F1C8C1E6D0020B3D4 /* Main.storyboard */ = {
			isa = PBXVariantGroup;
			children = (
				3BF0AE301C8C1E6D0020B3D4 /* Base */,
			);
			name = Main.storyboard;
			sourceTree = "<group>";
		};
		3BF0AE341C8C1E6D0020B3D4 /* LaunchScreen.storyboard */ = {
			isa = PBXVariantGroup;
			children = (
				3BF0AE351C8C1E6D0020B3D4 /* Base */,
			);
			name = LaunchScreen.storyboard;
			sourceTree = "<group>";
		};
/* End PBXVariantGroup section */

/* Begin XCBuildConfiguration section */
		3BF0AE381C8C1E6D0020B3D4 /* Debug */ = {
			isa = XCBuildConfiguration;
			buildSettings = {
				ALWAYS_SEARCH_USER_PATHS = NO;
				CLANG_CXX_LANGUAGE_STANDARD = "gnu++0x";
				CLANG_CXX_LIBRARY = "libc++";
				CLANG_ENABLE_MODULES = YES;
				CLANG_ENABLE_OBJC_ARC = YES;
				CLANG_WARN_BOOL_CONVERSION = YES;
				CLANG_WARN_CONSTANT_CONVERSION = YES;
				CLANG_WARN_DIRECT_OBJC_ISA_USAGE = YES_ERROR;
				CLANG_WARN_EMPTY_BODY = YES;
				CLANG_WARN_ENUM_CONVERSION = YES;
				CLANG_WARN_INT_CONVERSION = YES;
				CLANG_WARN_OBJC_ROOT_CLASS = YES_ERROR;
				CLANG_WARN_UNREACHABLE_CODE = YES;
				CLANG_WARN__DUPLICATE_METHOD_MATCH = YES;
				"CODE_SIGN_IDENTITY[sdk=iphoneos*]" = "iPhone Developer";
				COPY_PHASE_STRIP = NO;
				DEBUG_INFORMATION_FORMAT = dwarf;
				ENABLE_STRICT_OBJC_MSGSEND = YES;
				ENABLE_TESTABILITY = YES;
				GCC_C_LANGUAGE_STANDARD = gnu99;
				GCC_DYNAMIC_NO_PIC = NO;
				GCC_NO_COMMON_BLOCKS = YES;
				GCC_OPTIMIZATION_LEVEL = 0;
				GCC_PREPROCESSOR_DEFINITIONS = (
					"DEBUG=1",
					"$(inherited)",
				);
				GCC_WARN_64_TO_32_BIT_CONVERSION = YES;
				GCC_WARN_ABOUT_RETURN_TYPE = YES_ERROR;
				GCC_WARN_UNDECLARED_SELECTOR = YES;
				GCC_WARN_UNINITIALIZED_AUTOS = YES_AGGRESSIVE;
				GCC_WARN_UNUSED_FUNCTION = YES;
				GCC_WARN_UNUSED_VARIABLE = YES;
				IPHONEOS_DEPLOYMENT_TARGET = 9.2;
				MTL_ENABLE_DEBUG_INFO = YES;
				ONLY_ACTIVE_ARCH = YES;
				SDKROOT = iphoneos;
				TARGETED_DEVICE_FAMILY = "1,2";
			};
			name = Debug;
		};
		3BF0AE391C8C1E6D0020B3D4 /* Release */ = {
			isa = XCBuildConfiguration;
			buildSettings = {
				ALWAYS_SEARCH_USER_PATHS = NO;
				CLANG_CXX_LANGUAGE_STANDARD = "gnu++0x";
				CLANG_CXX_LIBRARY = "libc++";
				CLANG_ENABLE_MODULES = YES;
				CLANG_ENABLE_OBJC_ARC = YES;
				CLANG_WARN_BOOL_CONVERSION = YES;
				CLANG_WARN_CONSTANT_CONVERSION = YES;
				CLANG_WARN_DIRECT_OBJC_ISA_USAGE = YES_ERROR;
				CLANG_WARN_EMPTY_BODY = YES;
				CLANG_WARN_ENUM_CONVERSION = YES;
				CLANG_WARN_INT_CONVERSION = YES;
				CLANG_WARN_OBJC_ROOT_CLASS = YES_ERROR;
				CLANG_WARN_UNREACHABLE_CODE = YES;
				CLANG_WARN__DUPLICATE_METHOD_MATCH = YES;
				"CODE_SIGN_IDENTITY[sdk=iphoneos*]" = "iPhone Developer";
				COPY_PHASE_STRIP = NO;
				DEBUG_INFORMATION_FORMAT = "dwarf-with-dsym";
				ENABLE_NS_ASSERTIONS = NO;
				ENABLE_STRICT_OBJC_MSGSEND = YES;
				GCC_C_LANGUAGE_STANDARD = gnu99;
				GCC_NO_COMMON_BLOCKS = YES;
				GCC_WARN_64_TO_32_BIT_CONVERSION = YES;
				GCC_WARN_ABOUT_RETURN_TYPE = YES_ERROR;
				GCC_WARN_UNDECLARED_SELECTOR = YES;
				GCC_WARN_UNINITIALIZED_AUTOS = YES_AGGRESSIVE;
				GCC_WARN_UNUSED_FUNCTION = YES;
				GCC_WARN_UNUSED_VARIABLE = YES;
				IPHONEOS_DEPLOYMENT_TARGET = 9.2;
				MTL_ENABLE_DEBUG_INFO = NO;
				SDKROOT = iphoneos;
				TARGETED_DEVICE_FAMILY = "1,2";
				VALIDATE_PRODUCT = YES;
			};
			name = Release;
		};
		3BF0AE3B1C8C1E6D0020B3D4 /* Debug */ = {
			isa = XCBuildConfiguration;
			buildSettings = {
				ASSETCATALOG_COMPILER_APPICON_NAME = AppIcon;
				INFOPLIST_FILE = NavigationBarResetBackgroundDemo/Info.plist;
				LD_RUNPATH_SEARCH_PATHS = "$(inherited) @executable_path/Frameworks";
				PRODUCT_BUNDLE_IDENTIFIER = com.goodboy.NavigationBarResetBackgroundDemo;
				PRODUCT_NAME = "$(TARGET_NAME)";
			};
			name = Debug;
		};
		3BF0AE3C1C8C1E6D0020B3D4 /* Release */ = {
			isa = XCBuildConfiguration;
			buildSettings = {
				ASSETCATALOG_COMPILER_APPICON_NAME = AppIcon;
				INFOPLIST_FILE = NavigationBarResetBackgroundDemo/Info.plist;
				LD_RUNPATH_SEARCH_PATHS = "$(inherited) @executable_path/Frameworks";
				PRODUCT_BUNDLE_IDENTIFIER = com.goodboy.NavigationBarResetBackgroundDemo;
				PRODUCT_NAME = "$(TARGET_NAME)";
			};
			name = Release;
		};
/* End XCBuildConfiguration section */

/* Begin XCConfigurationList section */
		3BF0AE1E1C8C1E6D0020B3D4 /* Build configuration list for PBXProject "NavigationBarResetBackgroundDemo" */ = {
			isa = XCConfigurationList;
			buildConfigurations = (
				3BF0AE381C8C1E6D0020B3D4 /* Debug */,
				3BF0AE391C8C1E6D0020B3D4 /* Release */,
			);
			defaultConfigurationIsVisible = 0;
			defaultConfigurationName = Release;
		};
		3BF0AE3A1C8C1E6D0020B3D4 /* Build configuration list for PBXNativeTarget "NavigationBarResetBackgroundDemo" */ = {
			isa = XCConfigurationList;
			buildConfigurations = (
				3BF0AE3B1C8C1E6D0020B3D4 /* Debug */,
				3BF0AE3C1C8C1E6D0020B3D4 /* Release */,
			);
			defaultConfigurationIsVisible = 0;
		};
/* End XCConfigurationList section */
	};
	rootObject = 3BF0AE1B1C8C1E6D0020B3D4 /* Project object */;
}
